<?xml version="1.0" encoding="utf-8"?>
<Project ToolsVersion="4.0" xmlns="http://schemas.microsoft.com/developer/msbuild/2003">
  <ItemGroup>
    <ClCompile Include="ResourceManager.cpp">
      <Filter>Singletons</Filter>
    </ClCompile>
    <ClCompile Include="GameEngine.cpp">
      <Filter>Core</Filter>
    </ClCompile>
    <ClCompile Include="GameEnginePCH.cpp">
      <Filter>Core</Filter>
    </ClCompile>
    <ClCompile Include="Time.cpp">
      <Filter>Singletons</Filter>
    </ClCompile>
    <ClCompile Include="Component.cpp">
      <Filter>Components</Filter>
    </ClCompile>
    <ClCompile Include="ScriptableObject.cpp" />
    <ClCompile Include="AssetDatabase.cpp">
      <Filter>Singletons</Filter>
    </ClCompile>
    <ClCompile Include="TestScene.cpp">
      <Filter>Scenes</Filter>
    </ClCompile>
    <ClCompile Include="Scene.cpp">
      <Filter>Core</Filter>
    </ClCompile>
    <ClCompile Include="TextComponent.cpp">
      <Filter>Components</Filter>
    </ClCompile>
    <ClCompile Include="ImageComponent.cpp">
      <Filter>Components</Filter>
    </ClCompile>
    <ClCompile Include="Service.cpp" />
    <ClCompile Include="Logger.cpp" />
    <ClCompile Include="LuteceGame.cpp">
      <Filter>Core</Filter>
    </ClCompile>
    <ClCompile Include="InputManager.cpp">
      <Filter>Input</Filter>
    </ClCompile>
    <ClCompile Include="Font.cpp">
      <Filter>Graphics</Filter>
    </ClCompile>
    <ClCompile Include="Texture2D.cpp">
      <Filter>Graphics</Filter>
    </ClCompile>
    <ClCompile Include="Renderer.cpp">
      <Filter>Graphics</Filter>
    </ClCompile>
    <ClCompile Include="SceneManager.cpp">
      <Filter>Core</Filter>
    </ClCompile>
    <ClCompile Include="Transform.cpp">
      <Filter>Core</Filter>
    </ClCompile>
    <ClCompile Include="StateCondition.cpp">
      <Filter>FiniteStateMachine</Filter>
    </ClCompile>
    <ClCompile Include="State.cpp">
      <Filter>FiniteStateMachine</Filter>
    </ClCompile>
    <ClCompile Include="FiniteStateMachine.cpp">
      <Filter>FiniteStateMachine</Filter>
    </ClCompile>
    <ClCompile Include="Physics.cpp">
      <Filter>Physics</Filter>
    </ClCompile>
    <ClCompile Include="PhysicsScene.cpp">
      <Filter>Physics</Filter>
    </ClCompile>
    <ClCompile Include="ColliderComponent.cpp">
      <Filter>Components</Filter>
    </ClCompile>
    <ClCompile Include="PhysicsShape.cpp">
      <Filter>Physics</Filter>
    </ClCompile>
    <ClCompile Include="GameObject.cpp">
      <Filter>Core</Filter>
    </ClCompile>
    <ClCompile Include="EventSystem.cpp" />
  </ItemGroup>
  <ItemGroup>
    <ClInclude Include="ResourceManager.h">
      <Filter>Singletons</Filter>
    </ClInclude>
    <ClInclude Include="Singleton.h">
      <Filter>Singletons</Filter>
    </ClInclude>
    <ClInclude Include="GameEngine.h">
      <Filter>Core</Filter>
    </ClInclude>
    <ClInclude Include="GameEnginePCH.h">
      <Filter>Core</Filter>
    </ClInclude>
    <ClInclude Include="Time.h">
      <Filter>Singletons</Filter>
    </ClInclude>
    <ClInclude Include="Component.h">
      <Filter>Components</Filter>
    </ClInclude>
    <ClInclude Include="Utilities.h" />
    <ClInclude Include="ScriptableObject.h" />
    <ClInclude Include="AssetDatabase.h">
      <Filter>Singletons</Filter>
    </ClInclude>
    <ClInclude Include="TestScene.h">
      <Filter>Scenes</Filter>
    </ClInclude>
    <ClInclude Include="Scene.h">
      <Filter>Core</Filter>
    </ClInclude>
    <ClInclude Include="TextComponent.h">
      <Filter>Components</Filter>
    </ClInclude>
    <ClInclude Include="Components.h">
      <Filter>Components</Filter>
    </ClInclude>
    <ClInclude Include="ImageComponent.h">
      <Filter>Components</Filter>
    </ClInclude>
    <ClInclude Include="HelperFunctions.h" />
    <ClInclude Include="Service.h" />
    <ClInclude Include="Logger.h" />
    <ClInclude Include="Command.h" />
    <ClInclude Include="LuteceGame.h">
      <Filter>Core</Filter>
    </ClInclude>
    <ClInclude Include="InputManager.h">
      <Filter>Input</Filter>
    </ClInclude>
    <ClInclude Include="Font.h">
      <Filter>Graphics</Filter>
    </ClInclude>
    <ClInclude Include="Texture2D.h">
      <Filter>Graphics</Filter>
    </ClInclude>
    <ClInclude Include="Renderer.h">
      <Filter>Graphics</Filter>
    </ClInclude>
    <ClInclude Include="SceneManager.h">
      <Filter>Core</Filter>
    </ClInclude>
    <ClInclude Include="Transform.h">
      <Filter>Core</Filter>
    </ClInclude>
    <ClInclude Include="StateCondition.h">
      <Filter>FiniteStateMachine</Filter>
    </ClInclude>
    <ClInclude Include="State.h">
      <Filter>FiniteStateMachine</Filter>
    </ClInclude>
    <ClInclude Include="FiniteStateMachine.h">
      <Filter>FiniteStateMachine</Filter>
    </ClInclude>
    <ClInclude Include="EventSystem.h" />
    <ClInclude Include="PhysicsScene.h">
      <Filter>Physics</Filter>
    </ClInclude>
    <ClInclude Include="Physics.h">
      <Filter>Physics</Filter>
    </ClInclude>
    <ClInclude Include="ColliderComponent.h">
      <Filter>Components</Filter>
    </ClInclude>
    <ClInclude Include="PhysicsShape.h">
      <Filter>Physics</Filter>
    </ClInclude>
    <ClInclude Include="GameObject.h">
      <Filter>Core</Filter>
    </ClInclude>
    <ClInclude Include="EngineComponentTypes.h" />
    <ClInclude Include="Events.h" />
  </ItemGroup>
  <ItemGroup>
    <Filter Include="Input">
      <UniqueIdentifier>{3d29951b-b8ce-495f-abc9-0205853e6fda}</UniqueIdentifier>
    </Filter>
    <Filter Include="Components">
      <UniqueIdentifier>{b9df0818-b4ed-4f79-a973-e1f0fd6bd734}</UniqueIdentifier>
    </Filter>
    <Filter Include="Singletons">
      <UniqueIdentifier>{a08e498b-a567-4706-9c8b-634ed4d274a1}</UniqueIdentifier>
    </Filter>
    <Filter Include="Core">
      <UniqueIdentifier>{68d337bd-90f8-4edf-a18a-b609f92b6eb2}</UniqueIdentifier>
    </Filter>
    <Filter Include="Scenes">
      <UniqueIdentifier>{d553c4d0-6c0a-4f1d-b7f0-1b9914764f4c}</UniqueIdentifier>
    </Filter>
    <Filter Include="Graphics">
      <UniqueIdentifier>{c6794225-41d4-43bb-bc1e-8323f7011f4c}</UniqueIdentifier>
    </Filter>
    <Filter Include="FiniteStateMachine">
      <UniqueIdentifier>{f5d2659c-5826-4593-948d-f9ca20a96cce}</UniqueIdentifier>
    </Filter>
    <Filter Include="Physics">
      <UniqueIdentifier>{e809cd93-254e-428c-a12c-d7f7d90c185f}</UniqueIdentifier>
    </Filter>
  </ItemGroup>
</Project>